
Microsoft Visual Studio Solution File, Format Version 12.00
# Visual Studio Version 17
VisualStudioVersion = 17.14.36414.22
MinimumVisualStudioVersion = 10.0.40219.1
Project("{FAE04EC0-301F-11D3-BF4B-00C04F79EFBC}") = "KamuPortal", "KamuPortal\KamuPortal.csproj", "{9762D3E1-4160-4C25-AFBF-F923B1BB2723}"
EndProject
Global
	GlobalSection(SolutionConfigurationPlatforms) = preSolution
		Debug|Any CPU = Debug|Any CPU
		Release|Any CPU = Release|Any CPU
	EndGlobalSection
	GlobalSection(ProjectConfigurationPlatforms) = postSolution
		{9762D3E1-4160-4C25-AFBF-F923B1BB2723}.Debug|Any CPU.ActiveCfg = Debug|Any CPU
		{9762D3E1-4160-4C25-AFBF-F923B1BB2723}.Debug|Any CPU.Build.0 = Debug|Any CPU
		{9762D3E1-4160-4C25-AFBF-F923B1BB2723}.Release|Any CPU.ActiveCfg = Release|Any CPU
		{9762D3E1-4160-4C25-AFBF-F923B1BB2723}.Release|Any CPU.Build.0 = Release|Any CPU
	EndGlobalSection
	GlobalSection(SolutionProperties) = preSolution
		HideSolutionNode = FALSE
	EndGlobalSection
	GlobalSection(ExtensibilityGlobals) = postSolution
		SolutionGuid = {405F8D59-2F9D-4A85-9B77-641D30A1977F}
	EndGlobalSection
EndGlobal
